<?xml version="1.0" encoding="utf-8"?>
<Project ToolsVersion="4.0" xmlns="http://schemas.microsoft.com/developer/msbuild/2003">
  <ItemGroup>
    <Filter Include="include">
      <UniqueIdentifier>{3e26de79-26c1-41df-90d0-8d58da9a6ab6}</UniqueIdentifier>
    </Filter>
  </ItemGroup>
  <ItemGroup>
    <ClInclude Include="utils.h" />
    <ClInclude Include="predef.h" />
    <ClInclude Include="memdb.h" />
    <ClInclude Include="logger.h" />
    <ClInclude Include="camera_info.h" />
    <ClInclude Include="network.h" />
    <ClInclude Include="socket.h" />
    <ClInclude Include="commander.h" />
    <ClInclude Include="CameraController.h" />
    <ClInclude Include="camera_thread.h" />
    <ClInclude Include="CameraManager.h" />
    <ClInclude Include="udpsocket.h" />
    <ClInclude Include="tcpsocket.h" />
  </ItemGroup>
  <ItemGroup>
    <ClCompile Include="main.cpp" />
    <ClCompile Include="memdb.cpp" />
    <ClCompile Include="logger.cpp" />
    <ClCompile Include="network.cpp" />
    <ClCompile Include="socket.cpp" />
    <ClCompile Include="commander.cpp" />
    <ClCompile Include="CameraController.cpp" />
    <ClCompile Include="camera_thread.cpp" />
    <ClCompile Include="CameraManager.cpp" />
    <ClCompile Include="udpsocket.cpp" />
    <ClCompile Include="tcpsocket.cpp" />
  </ItemGroup>
  <ItemGroup>
    <Text Include="config.txt" />
  </ItemGroup>
</Project>